
Microsoft Visual Studio Solution File, Format Version 12.00
# Visual Studio Version 16
VisualStudioVersion = 16.0.30907.101
MinimumVisualStudioVersion = 10.0.40219.1
Project("{9A19103F-16F7-4668-BE54-9A1E7A4F7556}") = "GamesHM1", "GamesHM1\GamesHM1.csproj", "{E97B91AB-48DE-4627-B701-18C03A16B7DF}"
	ProjectSection(ProjectDependencies) = postProject
		{DEB443C6-5448-4197-BE09-04B4E2133B09} = {DEB443C6-5448-4197-BE09-04B4E2133B09}
	EndProjectSection
EndProject
Project("{FAE04EC0-301F-11D3-BF4B-00C04F79EFBC}") = "CoreDAL", "CoreDAL\CoreDAL.csproj", "{7A9C8959-0533-4645-864A-C22D95B53582}"
EndProject
Project("{FAE04EC0-301F-11D3-BF4B-00C04F79EFBC}") = "CoreBL", "CoreBL\CoreBL.csproj", "{DEB443C6-5448-4197-BE09-04B4E2133B09}"
EndProject
Global
	GlobalSection(SolutionConfigurationPlatforms) = preSolution
		Debug|Any CPU = Debug|Any CPU
		Release|Any CPU = Release|Any CPU
	EndGlobalSection
	GlobalSection(ProjectConfigurationPlatforms) = postSolution
		{E97B91AB-48DE-4627-B701-18C03A16B7DF}.Debug|Any CPU.ActiveCfg = Debug|Any CPU
		{E97B91AB-48DE-4627-B701-18C03A16B7DF}.Debug|Any CPU.Build.0 = Debug|Any CPU
		{E97B91AB-48DE-4627-B701-18C03A16B7DF}.Release|Any CPU.ActiveCfg = Release|Any CPU
		{E97B91AB-48DE-4627-B701-18C03A16B7DF}.Release|Any CPU.Build.0 = Release|Any CPU
		{7A9C8959-0533-4645-864A-C22D95B53582}.Debug|Any CPU.ActiveCfg = Debug|Any CPU
		{7A9C8959-0533-4645-864A-C22D95B53582}.Debug|Any CPU.Build.0 = Debug|Any CPU
		{7A9C8959-0533-4645-864A-C22D95B53582}.Release|Any CPU.ActiveCfg = Release|Any CPU
		{7A9C8959-0533-4645-864A-C22D95B53582}.Release|Any CPU.Build.0 = Release|Any CPU
		{DEB443C6-5448-4197-BE09-04B4E2133B09}.Debug|Any CPU.ActiveCfg = Debug|Any CPU
		{DEB443C6-5448-4197-BE09-04B4E2133B09}.Debug|Any CPU.Build.0 = Debug|Any CPU
		{DEB443C6-5448-4197-BE09-04B4E2133B09}.Release|Any CPU.ActiveCfg = Release|Any CPU
		{DEB443C6-5448-4197-BE09-04B4E2133B09}.Release|Any CPU.Build.0 = Release|Any CPU
	EndGlobalSection
	GlobalSection(SolutionProperties) = preSolution
		HideSolutionNode = FALSE
	EndGlobalSection
	GlobalSection(ExtensibilityGlobals) = postSolution
		SolutionGuid = {7668E991-B31C-4E10-8CAA-A7CBDB8206EB}
	EndGlobalSection
EndGlobal
